
Microsoft Visual Studio Solution File, Format Version 12.00
# Visual Studio Version 17
VisualStudioVersion = 17.8.34309.116
MinimumVisualStudioVersion = 10.0.40219.1
Project("{FAE04EC0-301F-11D3-BF4B-00C04F79EFBC}") = "Question 2", "Question 2\Question 2.csproj", "{4ACA14DC-E611-48AF-A429-3124EF13AEB0}"
EndProject
Global
	GlobalSection(SolutionConfigurationPlatforms) = preSolution
		Debug|Any CPU = Debug|Any CPU
		Release|Any CPU = Release|Any CPU
	EndGlobalSection
	GlobalSection(ProjectConfigurationPlatforms) = postSolution
		{4ACA14DC-E611-48AF-A429-3124EF13AEB0}.Debug|Any CPU.ActiveCfg = Debug|Any CPU
		{4ACA14DC-E611-48AF-A429-3124EF13AEB0}.Debug|Any CPU.Build.0 = Debug|Any CPU
		{4ACA14DC-E611-48AF-A429-3124EF13AEB0}.Release|Any CPU.ActiveCfg = Release|Any CPU
		{4ACA14DC-E611-48AF-A429-3124EF13AEB0}.Release|Any CPU.Build.0 = Release|Any CPU
	EndGlobalSection
	GlobalSection(SolutionProperties) = preSolution
		HideSolutionNode = FALSE
	EndGlobalSection
	GlobalSection(ExtensibilityGlobals) = postSolution
		SolutionGuid = {C3327499-58AA-43EB-993E-D14F19B5A687}
	EndGlobalSection
EndGlobal
